PODS:
  - OYIndex (1.0.0):
    - ZJNet
  - ZJNet (0.1.0)

DEPENDENCIES:
  - OYIndex (from `../`)
  - ZJNet

SPEC REPOS:
  https://github.com/cocoapods/specs.git:
    - ZJNet

EXTERNAL SOURCES:
  OYIndex:
    :path: "../"

SPEC CHECKSUMS:
  OYIndex: a67f7d9777707f35588f36c73f6e2761871d8ba3
  ZJNet: ee683be323776469f8c522dc88b7a580d4b0ae87

PODFILE CHECKSUM: da315e06b51e754b68194e11079589a1f40a7c54

COCOAPODS: 1.7.4
